
Microsoft Visual Studio Solution File, Format Version 12.00
# Visual Studio Version 17
VisualStudioVersion = 17.14.36414.22
MinimumVisualStudioVersion = 10.0.40219.1
Project("{2150E333-8FDC-42A3-9474-1A3956D46DE8}") = "Task0", "Task0", "{02EA681E-C7D8-13C7-8484-4AC65E1B71E8}"
EndProject
Project("{FAE04EC0-301F-11D3-BF4B-00C04F79EFBC}") = "Tyuiu.BabenkovTO.Sprint6.Task0.V22.Test", "Tyuiu.BabenkovTO.Sprint6.Task0.V22.Test\Tyuiu.BabenkovTO.Sprint6.Task0.V22.Test.csproj", "{965D13AB-8F32-4CB8-B235-173FA735B199}"
EndProject
Project("{FAE04EC0-301F-11D3-BF4B-00C04F79EFBC}") = "Tyuiu.BabenkovTO.Sprint6.Task0.V22.Lib", "Tyuiu.BabenkovTO.Sprint6.Task0.V22.Lib\Tyuiu.BabenkovTO.Sprint6.Task0.V22.Lib.csproj", "{7A2DAAFE-3C28-4E0B-B98A-FE85D035F437}"
EndProject
Project("{FAE04EC0-301F-11D3-BF4B-00C04F79EFBC}") = "Tyuiu.BabenkovTO.Sprint6.Task0.V22", "Tyuiu.BabenkovTO.Sprint6.Task0.V22\Tyuiu.BabenkovTO.Sprint6.Task0.V22.csproj", "{4B0287B2-0A78-4C3E-B06A-491A374C96FF}"
EndProject
Project("{2150E333-8FDC-42A3-9474-1A3956D46DE8}") = "Task1", "Task1", "{AD2F762B-C35C-437B-8298-4BC845D4BD01}"
EndProject
Project("{FAE04EC0-301F-11D3-BF4B-00C04F79EFBC}") = "Tyuiu.BabenkovTO.Sprint6.Task1.V5", "Tyuiu.BabenkovTO.Sprint6.Task1.V5\Tyuiu.BabenkovTO.Sprint6.Task1.V5.csproj", "{67B9AD65-6589-48B7-91AE-0834B5ACB0FB}"
EndProject
Project("{FAE04EC0-301F-11D3-BF4B-00C04F79EFBC}") = "Tyuiu.BabenkovTO.Sprint6.Task1.V5.Lib", "Tyuiu.BabenkovTO.Sprint6.Task1.V5.Lib\Tyuiu.BabenkovTO.Sprint6.Task1.V5.Lib.csproj", "{DEEDB24B-2BB0-4EAA-8D70-8DF240A638D2}"
EndProject
Project("{FAE04EC0-301F-11D3-BF4B-00C04F79EFBC}") = "Tyuiu.BabenkovTO.Sprint6.Task1.V5.Test", "Tyuiu.BabenkovTO.Sprint6.Task1.V5.Test\Tyuiu.BabenkovTO.Sprint6.Task1.V5.Test.csproj", "{786E9A39-2CFC-4778-BA2C-DE53A5FF2E11}"
EndProject
Global
	GlobalSection(SolutionConfigurationPlatforms) = preSolution
		Debug|Any CPU = Debug|Any CPU
		Release|Any CPU = Release|Any CPU
	EndGlobalSection
	GlobalSection(ProjectConfigurationPlatforms) = postSolution
		{965D13AB-8F32-4CB8-B235-173FA735B199}.Debug|Any CPU.ActiveCfg = Debug|Any CPU
		{965D13AB-8F32-4CB8-B235-173FA735B199}.Debug|Any CPU.Build.0 = Debug|Any CPU
		{965D13AB-8F32-4CB8-B235-173FA735B199}.Release|Any CPU.ActiveCfg = Release|Any CPU
		{965D13AB-8F32-4CB8-B235-173FA735B199}.Release|Any CPU.Build.0 = Release|Any CPU
		{7A2DAAFE-3C28-4E0B-B98A-FE85D035F437}.Debug|Any CPU.ActiveCfg = Debug|Any CPU
		{7A2DAAFE-3C28-4E0B-B98A-FE85D035F437}.Debug|Any CPU.Build.0 = Debug|Any CPU
		{7A2DAAFE-3C28-4E0B-B98A-FE85D035F437}.Release|Any CPU.ActiveCfg = Release|Any CPU
		{7A2DAAFE-3C28-4E0B-B98A-FE85D035F437}.Release|Any CPU.Build.0 = Release|Any CPU
		{4B0287B2-0A78-4C3E-B06A-491A374C96FF}.Debug|Any CPU.ActiveCfg = Debug|Any CPU
		{4B0287B2-0A78-4C3E-B06A-491A374C96FF}.Debug|Any CPU.Build.0 = Debug|Any CPU
		{4B0287B2-0A78-4C3E-B06A-491A374C96FF}.Release|Any CPU.ActiveCfg = Release|Any CPU
		{4B0287B2-0A78-4C3E-B06A-491A374C96FF}.Release|Any CPU.Build.0 = Release|Any CPU
		{67B9AD65-6589-48B7-91AE-0834B5ACB0FB}.Debug|Any CPU.ActiveCfg = Debug|Any CPU
		{67B9AD65-6589-48B7-91AE-0834B5ACB0FB}.Debug|Any CPU.Build.0 = Debug|Any CPU
		{67B9AD65-6589-48B7-91AE-0834B5ACB0FB}.Release|Any CPU.ActiveCfg = Release|Any CPU
		{67B9AD65-6589-48B7-91AE-0834B5ACB0FB}.Release|Any CPU.Build.0 = Release|Any CPU
		{DEEDB24B-2BB0-4EAA-8D70-8DF240A638D2}.Debug|Any CPU.ActiveCfg = Debug|Any CPU
		{DEEDB24B-2BB0-4EAA-8D70-8DF240A638D2}.Debug|Any CPU.Build.0 = Debug|Any CPU
		{DEEDB24B-2BB0-4EAA-8D70-8DF240A638D2}.Release|Any CPU.ActiveCfg = Release|Any CPU
		{DEEDB24B-2BB0-4EAA-8D70-8DF240A638D2}.Release|Any CPU.Build.0 = Release|Any CPU
		{786E9A39-2CFC-4778-BA2C-DE53A5FF2E11}.Debug|Any CPU.ActiveCfg = Debug|Any CPU
		{786E9A39-2CFC-4778-BA2C-DE53A5FF2E11}.Debug|Any CPU.Build.0 = Debug|Any CPU
		{786E9A39-2CFC-4778-BA2C-DE53A5FF2E11}.Release|Any CPU.ActiveCfg = Release|Any CPU
		{786E9A39-2CFC-4778-BA2C-DE53A5FF2E11}.Release|Any CPU.Build.0 = Release|Any CPU
	EndGlobalSection
	GlobalSection(SolutionProperties) = preSolution
		HideSolutionNode = FALSE
	EndGlobalSection
	GlobalSection(NestedProjects) = preSolution
		{965D13AB-8F32-4CB8-B235-173FA735B199} = {02EA681E-C7D8-13C7-8484-4AC65E1B71E8}
		{7A2DAAFE-3C28-4E0B-B98A-FE85D035F437} = {02EA681E-C7D8-13C7-8484-4AC65E1B71E8}
		{4B0287B2-0A78-4C3E-B06A-491A374C96FF} = {02EA681E-C7D8-13C7-8484-4AC65E1B71E8}
		{67B9AD65-6589-48B7-91AE-0834B5ACB0FB} = {AD2F762B-C35C-437B-8298-4BC845D4BD01}
		{DEEDB24B-2BB0-4EAA-8D70-8DF240A638D2} = {AD2F762B-C35C-437B-8298-4BC845D4BD01}
		{786E9A39-2CFC-4778-BA2C-DE53A5FF2E11} = {AD2F762B-C35C-437B-8298-4BC845D4BD01}
	EndGlobalSection
	GlobalSection(ExtensibilityGlobals) = postSolution
		SolutionGuid = {0DA897FC-813C-4C7B-AFAE-F8DAE7968D91}
	EndGlobalSection
EndGlobal
