
Microsoft Visual Studio Solution File, Format Version 12.00
# Visual Studio Version 17
VisualStudioVersion = 17.14.36414.22
MinimumVisualStudioVersion = 10.0.40219.1
Project("{2150E333-8FDC-42A3-9474-1A3956D46DE8}") = "Task0", "Task0", "{02EA681E-C7D8-13C7-8484-4AC65E1B71E8}"
EndProject
Project("{FAE04EC0-301F-11D3-BF4B-00C04F79EFBC}") = "Tyuiu.BabenkovTO.Sprint6.Task0.V22.Test", "Tyuiu.BabenkovTO.Sprint6.Task0.V22.Test\Tyuiu.BabenkovTO.Sprint6.Task0.V22.Test.csproj", "{965D13AB-8F32-4CB8-B235-173FA735B199}"
EndProject
Project("{FAE04EC0-301F-11D3-BF4B-00C04F79EFBC}") = "Tyuiu.BabenkovTO.Sprint6.Task0.V22.Lib", "Tyuiu.BabenkovTO.Sprint6.Task0.V22.Lib\Tyuiu.BabenkovTO.Sprint6.Task0.V22.Lib.csproj", "{7A2DAAFE-3C28-4E0B-B98A-FE85D035F437}"
EndProject
Project("{FAE04EC0-301F-11D3-BF4B-00C04F79EFBC}") = "Tyuiu.BabenkovTO.Sprint6.Task0.V22", "Tyuiu.BabenkovTO.Sprint6.Task0.V22\Tyuiu.BabenkovTO.Sprint6.Task0.V22.csproj", "{4B0287B2-0A78-4C3E-B06A-491A374C96FF}"
EndProject
Project("{2150E333-8FDC-42A3-9474-1A3956D46DE8}") = "Task1", "Task1", "{AD2F762B-C35C-437B-8298-4BC845D4BD01}"
EndProject
Project("{FAE04EC0-301F-11D3-BF4B-00C04F79EFBC}") = "Tyuiu.BabenkovTO.Sprint6.Task1.V5", "Tyuiu.BabenkovTO.Sprint6.Task1.V5\Tyuiu.BabenkovTO.Sprint6.Task1.V5.csproj", "{67B9AD65-6589-48B7-91AE-0834B5ACB0FB}"
EndProject
Project("{FAE04EC0-301F-11D3-BF4B-00C04F79EFBC}") = "Tyuiu.BabenkovTO.Sprint6.Task1.V5.Lib", "Tyuiu.BabenkovTO.Sprint6.Task1.V5.Lib\Tyuiu.BabenkovTO.Sprint6.Task1.V5.Lib.csproj", "{DEEDB24B-2BB0-4EAA-8D70-8DF240A638D2}"
EndProject
Project("{FAE04EC0-301F-11D3-BF4B-00C04F79EFBC}") = "Tyuiu.BabenkovTO.Sprint6.Task1.V5.Test", "Tyuiu.BabenkovTO.Sprint6.Task1.V5.Test\Tyuiu.BabenkovTO.Sprint6.Task1.V5.Test.csproj", "{786E9A39-2CFC-4778-BA2C-DE53A5FF2E11}"
EndProject
Project("{2150E333-8FDC-42A3-9474-1A3956D46DE8}") = "Task2", "Task2", "{D44FD76A-265F-47A2-B547-83F565A89726}"
EndProject
Project("{FAE04EC0-301F-11D3-BF4B-00C04F79EFBC}") = "Tyuiu.BabenkovTO.Sprint6.Task2.V18", "Tyuiu.BabenkovTO.Sprint6.Task2.V18\Tyuiu.BabenkovTO.Sprint6.Task2.V18.csproj", "{5AB74261-E775-4E9F-8ECF-73197A6EA1B1}"
EndProject
Project("{FAE04EC0-301F-11D3-BF4B-00C04F79EFBC}") = "Tyuiu.BabenkovTO.Sprint6.Task2.V18.Test", "Tyuiu.BabenkovTO.Sprint6.Task2.V18.Test\Tyuiu.BabenkovTO.Sprint6.Task2.V18.Test.csproj", "{0923140C-35AF-4C83-8981-C8F2AA6E301A}"
EndProject
Project("{FAE04EC0-301F-11D3-BF4B-00C04F79EFBC}") = "Tyuiu.BabenkovTO.Sprint6.Task2.V18.Lib", "Tyuiu.BabenkovTO.Sprint6.Task2.V18.Lib\Tyuiu.BabenkovTO.Sprint6.Task2.V18.Lib.csproj", "{04D42B0B-3473-425D-96CA-3B848BBC0CEB}"
EndProject
Project("{2150E333-8FDC-42A3-9474-1A3956D46DE8}") = "Task3", "Task3", "{86369F0E-1DEA-436F-BFBB-D1F241F81AFD}"
EndProject
Project("{FAE04EC0-301F-11D3-BF4B-00C04F79EFBC}") = "Tyuiu.BabenkovTO.Sprint6.Task3.V27.Lib", "Tyuiu.BabenkovTO.Sprint6.Task3.V27.Lib\Tyuiu.BabenkovTO.Sprint6.Task3.V27.Lib.csproj", "{6407263F-E82A-4219-8054-F29CA563E9AE}"
EndProject
Project("{FAE04EC0-301F-11D3-BF4B-00C04F79EFBC}") = "Tyuiu.BabenkovTO.Sprint6.Task3.V27.Test", "Tyuiu.BabenkovTO.Sprint6.Task3.V27.Test\Tyuiu.BabenkovTO.Sprint6.Task3.V27.Test.csproj", "{3E67339A-539F-4383-9E1E-E1CF5DBC49DF}"
EndProject
Project("{FAE04EC0-301F-11D3-BF4B-00C04F79EFBC}") = "Tyuiu.BabenkovTO.Sprint6.Task3.V27", "Tyuiu.BabenkovTO.Sprint6.Task3.V27\Tyuiu.BabenkovTO.Sprint6.Task3.V27.csproj", "{2E8E3756-F3B2-4BA2-B06E-BE97ED9E3ABE}"
EndProject
Project("{2150E333-8FDC-42A3-9474-1A3956D46DE8}") = "Task4", "Task4", "{94DA7549-8AA5-4C04-9233-FCBF4DE2B054}"
EndProject
Project("{FAE04EC0-301F-11D3-BF4B-00C04F79EFBC}") = "Tyuiu.BabenkovTO.Sprint6.Task4.V16.Lib", "Tyuiu.BabenkovTO.Sprint6.Task4.V16.Lib\Tyuiu.BabenkovTO.Sprint6.Task4.V16.Lib.csproj", "{416B57CF-5F82-4545-AA3A-EB9F14C80440}"
EndProject
Project("{FAE04EC0-301F-11D3-BF4B-00C04F79EFBC}") = "Tyuiu.BabenkovTO.Sprint6.Task4.V16.Test", "Tyuiu.BabenkovTO.Sprint6.Task4.V16.Test\Tyuiu.BabenkovTO.Sprint6.Task4.V16.Test.csproj", "{D86A5E7F-CF09-4C21-83D1-43C48602E8D6}"
EndProject
Project("{FAE04EC0-301F-11D3-BF4B-00C04F79EFBC}") = "Tyuiu.BabenkovTO.Sprint6.Task4.V16", "Tyuiu.BabenkovTO.Sprint6.Task4.V16\Tyuiu.BabenkovTO.Sprint6.Task4.V16.csproj", "{2EB67F08-15BE-47B8-A10F-A8A3CFE2A461}"
EndProject
Project("{2150E333-8FDC-42A3-9474-1A3956D46DE8}") = "Task5", "Task5", "{FA60B2D0-9C25-4672-914D-878656DDF59C}"
EndProject
Project("{FAE04EC0-301F-11D3-BF4B-00C04F79EFBC}") = "Tyuiu.BabenkovTO.Sprint6.Task5.V27.Test", "Tyuiu.BabenkovTO.Sprint6.Task5.V27.Test\Tyuiu.BabenkovTO.Sprint6.Task5.V27.Test.csproj", "{410A73A3-3E05-4D3B-AA6C-8E5EB2EEC025}"
EndProject
Project("{FAE04EC0-301F-11D3-BF4B-00C04F79EFBC}") = "Tyuiu.BabenkovTO.Sprint6.Task5.V27.Lib", "Tyuiu.BabenkovTO.Sprint6.Task5.V27.Lib\Tyuiu.BabenkovTO.Sprint6.Task5.V27.Lib.csproj", "{D9DEE989-FE03-43C1-84F0-2ED0080BCB56}"
EndProject
Project("{FAE04EC0-301F-11D3-BF4B-00C04F79EFBC}") = "Tyuiu.BabenkovTO.Sprint6.Task5.V27", "Tyuiu.BabenkovTO.Sprint6.Task5.V27\Tyuiu.BabenkovTO.Sprint6.Task5.V27.csproj", "{4AB5CD34-F172-41D4-844F-61DBA8DD9408}"
EndProject
Project("{2150E333-8FDC-42A3-9474-1A3956D46DE8}") = "Task6", "Task6", "{533FFEBD-EF19-42A3-B7E7-F45512ECBF0B}"
EndProject
Project("{FAE04EC0-301F-11D3-BF4B-00C04F79EFBC}") = "Tyuiu.BabenkovTO.Sprint6.Task6.V18.Lib", "Tyuiu.BabenkovTO.Sprint6.Task6.V18.Lib\Tyuiu.BabenkovTO.Sprint6.Task6.V18.Lib.csproj", "{85C25478-B114-45F5-98D0-D0573737EE54}"
EndProject
Project("{FAE04EC0-301F-11D3-BF4B-00C04F79EFBC}") = "Tyuiu.BabenkovTO.Sprint6.Task6.V18.Test", "Tyuiu.BabenkovTO.Sprint6.Task6.V18.Test\Tyuiu.BabenkovTO.Sprint6.Task6.V18.Test.csproj", "{85D6D9DB-4D24-40A6-BD72-19241271F1DB}"
EndProject
Project("{FAE04EC0-301F-11D3-BF4B-00C04F79EFBC}") = "Tyuiu.BabenkovTO.Sprint6.Task6.V18", "Tyuiu.BabenkovTO.Sprint6.Task6.V18\Tyuiu.BabenkovTO.Sprint6.Task6.V18.csproj", "{C79C2173-63EA-4163-ABA6-B0D0DB829DD4}"
EndProject
Project("{2150E333-8FDC-42A3-9474-1A3956D46DE8}") = "Task7", "Task7", "{251664C6-A40B-4BFD-AACA-FAA25A619CB4}"
EndProject
Project("{FAE04EC0-301F-11D3-BF4B-00C04F79EFBC}") = "Tyuiu.BabenkovTO.Sprint6.Task7.V25", "Tyuiu.BabenkovTO.Sprint6.Task7.V25\Tyuiu.BabenkovTO.Sprint6.Task7.V25.csproj", "{9DFBEF7A-CF90-45F8-A5DB-47D375566619}"
EndProject
Project("{FAE04EC0-301F-11D3-BF4B-00C04F79EFBC}") = "Tyuiu.BabenkovTO.Sprint6.Task7.V25.Test", "Tyuiu.BabenkovTO.Sprint6.Task7.V25.Test\Tyuiu.BabenkovTO.Sprint6.Task7.V25.Test.csproj", "{CE3FAB2F-D935-4C2F-8CEE-662068654036}"
EndProject
Project("{FAE04EC0-301F-11D3-BF4B-00C04F79EFBC}") = "Tyuiu.BabenkovTO.Sprint6.Task7.V25.Lib", "Tyuiu.BabenkovTO.Sprint6.Task7.V25.Lib\Tyuiu.BabenkovTO.Sprint6.Task7.V25.Lib.csproj", "{F5A7A581-89CF-4E46-8291-D4F9354C1BD6}"
EndProject
Global
	GlobalSection(SolutionConfigurationPlatforms) = preSolution
		Debug|Any CPU = Debug|Any CPU
		Release|Any CPU = Release|Any CPU
	EndGlobalSection
	GlobalSection(ProjectConfigurationPlatforms) = postSolution
		{965D13AB-8F32-4CB8-B235-173FA735B199}.Debug|Any CPU.ActiveCfg = Debug|Any CPU
		{965D13AB-8F32-4CB8-B235-173FA735B199}.Debug|Any CPU.Build.0 = Debug|Any CPU
		{965D13AB-8F32-4CB8-B235-173FA735B199}.Release|Any CPU.ActiveCfg = Release|Any CPU
		{965D13AB-8F32-4CB8-B235-173FA735B199}.Release|Any CPU.Build.0 = Release|Any CPU
		{7A2DAAFE-3C28-4E0B-B98A-FE85D035F437}.Debug|Any CPU.ActiveCfg = Debug|Any CPU
		{7A2DAAFE-3C28-4E0B-B98A-FE85D035F437}.Debug|Any CPU.Build.0 = Debug|Any CPU
		{7A2DAAFE-3C28-4E0B-B98A-FE85D035F437}.Release|Any CPU.ActiveCfg = Release|Any CPU
		{7A2DAAFE-3C28-4E0B-B98A-FE85D035F437}.Release|Any CPU.Build.0 = Release|Any CPU
		{4B0287B2-0A78-4C3E-B06A-491A374C96FF}.Debug|Any CPU.ActiveCfg = Debug|Any CPU
		{4B0287B2-0A78-4C3E-B06A-491A374C96FF}.Debug|Any CPU.Build.0 = Debug|Any CPU
		{4B0287B2-0A78-4C3E-B06A-491A374C96FF}.Release|Any CPU.ActiveCfg = Release|Any CPU
		{4B0287B2-0A78-4C3E-B06A-491A374C96FF}.Release|Any CPU.Build.0 = Release|Any CPU
		{67B9AD65-6589-48B7-91AE-0834B5ACB0FB}.Debug|Any CPU.ActiveCfg = Debug|Any CPU
		{67B9AD65-6589-48B7-91AE-0834B5ACB0FB}.Debug|Any CPU.Build.0 = Debug|Any CPU
		{67B9AD65-6589-48B7-91AE-0834B5ACB0FB}.Release|Any CPU.ActiveCfg = Release|Any CPU
		{67B9AD65-6589-48B7-91AE-0834B5ACB0FB}.Release|Any CPU.Build.0 = Release|Any CPU
		{DEEDB24B-2BB0-4EAA-8D70-8DF240A638D2}.Debug|Any CPU.ActiveCfg = Debug|Any CPU
		{DEEDB24B-2BB0-4EAA-8D70-8DF240A638D2}.Debug|Any CPU.Build.0 = Debug|Any CPU
		{DEEDB24B-2BB0-4EAA-8D70-8DF240A638D2}.Release|Any CPU.ActiveCfg = Release|Any CPU
		{DEEDB24B-2BB0-4EAA-8D70-8DF240A638D2}.Release|Any CPU.Build.0 = Release|Any CPU
		{786E9A39-2CFC-4778-BA2C-DE53A5FF2E11}.Debug|Any CPU.ActiveCfg = Debug|Any CPU
		{786E9A39-2CFC-4778-BA2C-DE53A5FF2E11}.Debug|Any CPU.Build.0 = Debug|Any CPU
		{786E9A39-2CFC-4778-BA2C-DE53A5FF2E11}.Release|Any CPU.ActiveCfg = Release|Any CPU
		{786E9A39-2CFC-4778-BA2C-DE53A5FF2E11}.Release|Any CPU.Build.0 = Release|Any CPU
		{5AB74261-E775-4E9F-8ECF-73197A6EA1B1}.Debug|Any CPU.ActiveCfg = Debug|Any CPU
		{5AB74261-E775-4E9F-8ECF-73197A6EA1B1}.Debug|Any CPU.Build.0 = Debug|Any CPU
		{5AB74261-E775-4E9F-8ECF-73197A6EA1B1}.Release|Any CPU.ActiveCfg = Release|Any CPU
		{5AB74261-E775-4E9F-8ECF-73197A6EA1B1}.Release|Any CPU.Build.0 = Release|Any CPU
		{0923140C-35AF-4C83-8981-C8F2AA6E301A}.Debug|Any CPU.ActiveCfg = Debug|Any CPU
		{0923140C-35AF-4C83-8981-C8F2AA6E301A}.Debug|Any CPU.Build.0 = Debug|Any CPU
		{0923140C-35AF-4C83-8981-C8F2AA6E301A}.Release|Any CPU.ActiveCfg = Release|Any CPU
		{0923140C-35AF-4C83-8981-C8F2AA6E301A}.Release|Any CPU.Build.0 = Release|Any CPU
		{04D42B0B-3473-425D-96CA-3B848BBC0CEB}.Debug|Any CPU.ActiveCfg = Debug|Any CPU
		{04D42B0B-3473-425D-96CA-3B848BBC0CEB}.Debug|Any CPU.Build.0 = Debug|Any CPU
		{04D42B0B-3473-425D-96CA-3B848BBC0CEB}.Release|Any CPU.ActiveCfg = Release|Any CPU
		{04D42B0B-3473-425D-96CA-3B848BBC0CEB}.Release|Any CPU.Build.0 = Release|Any CPU
		{6407263F-E82A-4219-8054-F29CA563E9AE}.Debug|Any CPU.ActiveCfg = Debug|Any CPU
		{6407263F-E82A-4219-8054-F29CA563E9AE}.Debug|Any CPU.Build.0 = Debug|Any CPU
		{6407263F-E82A-4219-8054-F29CA563E9AE}.Release|Any CPU.ActiveCfg = Release|Any CPU
		{6407263F-E82A-4219-8054-F29CA563E9AE}.Release|Any CPU.Build.0 = Release|Any CPU
		{3E67339A-539F-4383-9E1E-E1CF5DBC49DF}.Debug|Any CPU.ActiveCfg = Debug|Any CPU
		{3E67339A-539F-4383-9E1E-E1CF5DBC49DF}.Debug|Any CPU.Build.0 = Debug|Any CPU
		{3E67339A-539F-4383-9E1E-E1CF5DBC49DF}.Release|Any CPU.ActiveCfg = Release|Any CPU
		{3E67339A-539F-4383-9E1E-E1CF5DBC49DF}.Release|Any CPU.Build.0 = Release|Any CPU
		{2E8E3756-F3B2-4BA2-B06E-BE97ED9E3ABE}.Debug|Any CPU.ActiveCfg = Debug|Any CPU
		{2E8E3756-F3B2-4BA2-B06E-BE97ED9E3ABE}.Debug|Any CPU.Build.0 = Debug|Any CPU
		{2E8E3756-F3B2-4BA2-B06E-BE97ED9E3ABE}.Release|Any CPU.ActiveCfg = Release|Any CPU
		{2E8E3756-F3B2-4BA2-B06E-BE97ED9E3ABE}.Release|Any CPU.Build.0 = Release|Any CPU
		{416B57CF-5F82-4545-AA3A-EB9F14C80440}.Debug|Any CPU.ActiveCfg = Debug|Any CPU
		{416B57CF-5F82-4545-AA3A-EB9F14C80440}.Debug|Any CPU.Build.0 = Debug|Any CPU
		{416B57CF-5F82-4545-AA3A-EB9F14C80440}.Release|Any CPU.ActiveCfg = Release|Any CPU
		{416B57CF-5F82-4545-AA3A-EB9F14C80440}.Release|Any CPU.Build.0 = Release|Any CPU
		{D86A5E7F-CF09-4C21-83D1-43C48602E8D6}.Debug|Any CPU.ActiveCfg = Debug|Any CPU
		{D86A5E7F-CF09-4C21-83D1-43C48602E8D6}.Debug|Any CPU.Build.0 = Debug|Any CPU
		{D86A5E7F-CF09-4C21-83D1-43C48602E8D6}.Release|Any CPU.ActiveCfg = Release|Any CPU
		{D86A5E7F-CF09-4C21-83D1-43C48602E8D6}.Release|Any CPU.Build.0 = Release|Any CPU
		{2EB67F08-15BE-47B8-A10F-A8A3CFE2A461}.Debug|Any CPU.ActiveCfg = Debug|Any CPU
		{2EB67F08-15BE-47B8-A10F-A8A3CFE2A461}.Debug|Any CPU.Build.0 = Debug|Any CPU
		{2EB67F08-15BE-47B8-A10F-A8A3CFE2A461}.Release|Any CPU.ActiveCfg = Release|Any CPU
		{2EB67F08-15BE-47B8-A10F-A8A3CFE2A461}.Release|Any CPU.Build.0 = Release|Any CPU
		{410A73A3-3E05-4D3B-AA6C-8E5EB2EEC025}.Debug|Any CPU.ActiveCfg = Debug|Any CPU
		{410A73A3-3E05-4D3B-AA6C-8E5EB2EEC025}.Debug|Any CPU.Build.0 = Debug|Any CPU
		{410A73A3-3E05-4D3B-AA6C-8E5EB2EEC025}.Release|Any CPU.ActiveCfg = Release|Any CPU
		{410A73A3-3E05-4D3B-AA6C-8E5EB2EEC025}.Release|Any CPU.Build.0 = Release|Any CPU
		{D9DEE989-FE03-43C1-84F0-2ED0080BCB56}.Debug|Any CPU.ActiveCfg = Debug|Any CPU
		{D9DEE989-FE03-43C1-84F0-2ED0080BCB56}.Debug|Any CPU.Build.0 = Debug|Any CPU
		{D9DEE989-FE03-43C1-84F0-2ED0080BCB56}.Release|Any CPU.ActiveCfg = Release|Any CPU
		{D9DEE989-FE03-43C1-84F0-2ED0080BCB56}.Release|Any CPU.Build.0 = Release|Any CPU
		{4AB5CD34-F172-41D4-844F-61DBA8DD9408}.Debug|Any CPU.ActiveCfg = Debug|Any CPU
		{4AB5CD34-F172-41D4-844F-61DBA8DD9408}.Debug|Any CPU.Build.0 = Debug|Any CPU
		{4AB5CD34-F172-41D4-844F-61DBA8DD9408}.Release|Any CPU.ActiveCfg = Release|Any CPU
		{4AB5CD34-F172-41D4-844F-61DBA8DD9408}.Release|Any CPU.Build.0 = Release|Any CPU
		{85C25478-B114-45F5-98D0-D0573737EE54}.Debug|Any CPU.ActiveCfg = Debug|Any CPU
		{85C25478-B114-45F5-98D0-D0573737EE54}.Debug|Any CPU.Build.0 = Debug|Any CPU
		{85C25478-B114-45F5-98D0-D0573737EE54}.Release|Any CPU.ActiveCfg = Release|Any CPU
		{85C25478-B114-45F5-98D0-D0573737EE54}.Release|Any CPU.Build.0 = Release|Any CPU
		{85D6D9DB-4D24-40A6-BD72-19241271F1DB}.Debug|Any CPU.ActiveCfg = Debug|Any CPU
		{85D6D9DB-4D24-40A6-BD72-19241271F1DB}.Debug|Any CPU.Build.0 = Debug|Any CPU
		{85D6D9DB-4D24-40A6-BD72-19241271F1DB}.Release|Any CPU.ActiveCfg = Release|Any CPU
		{85D6D9DB-4D24-40A6-BD72-19241271F1DB}.Release|Any CPU.Build.0 = Release|Any CPU
		{C79C2173-63EA-4163-ABA6-B0D0DB829DD4}.Debug|Any CPU.ActiveCfg = Debug|Any CPU
		{C79C2173-63EA-4163-ABA6-B0D0DB829DD4}.Debug|Any CPU.Build.0 = Debug|Any CPU
		{C79C2173-63EA-4163-ABA6-B0D0DB829DD4}.Release|Any CPU.ActiveCfg = Release|Any CPU
		{C79C2173-63EA-4163-ABA6-B0D0DB829DD4}.Release|Any CPU.Build.0 = Release|Any CPU
		{9DFBEF7A-CF90-45F8-A5DB-47D375566619}.Debug|Any CPU.ActiveCfg = Debug|Any CPU
		{9DFBEF7A-CF90-45F8-A5DB-47D375566619}.Debug|Any CPU.Build.0 = Debug|Any CPU
		{9DFBEF7A-CF90-45F8-A5DB-47D375566619}.Release|Any CPU.ActiveCfg = Release|Any CPU
		{9DFBEF7A-CF90-45F8-A5DB-47D375566619}.Release|Any CPU.Build.0 = Release|Any CPU
		{CE3FAB2F-D935-4C2F-8CEE-662068654036}.Debug|Any CPU.ActiveCfg = Debug|Any CPU
		{CE3FAB2F-D935-4C2F-8CEE-662068654036}.Debug|Any CPU.Build.0 = Debug|Any CPU
		{CE3FAB2F-D935-4C2F-8CEE-662068654036}.Release|Any CPU.ActiveCfg = Release|Any CPU
		{CE3FAB2F-D935-4C2F-8CEE-662068654036}.Release|Any CPU.Build.0 = Release|Any CPU
		{F5A7A581-89CF-4E46-8291-D4F9354C1BD6}.Debug|Any CPU.ActiveCfg = Debug|Any CPU
		{F5A7A581-89CF-4E46-8291-D4F9354C1BD6}.Debug|Any CPU.Build.0 = Debug|Any CPU
		{F5A7A581-89CF-4E46-8291-D4F9354C1BD6}.Release|Any CPU.ActiveCfg = Release|Any CPU
		{F5A7A581-89CF-4E46-8291-D4F9354C1BD6}.Release|Any CPU.Build.0 = Release|Any CPU
	EndGlobalSection
	GlobalSection(SolutionProperties) = preSolution
		HideSolutionNode = FALSE
	EndGlobalSection
	GlobalSection(NestedProjects) = preSolution
		{965D13AB-8F32-4CB8-B235-173FA735B199} = {02EA681E-C7D8-13C7-8484-4AC65E1B71E8}
		{7A2DAAFE-3C28-4E0B-B98A-FE85D035F437} = {02EA681E-C7D8-13C7-8484-4AC65E1B71E8}
		{4B0287B2-0A78-4C3E-B06A-491A374C96FF} = {02EA681E-C7D8-13C7-8484-4AC65E1B71E8}
		{67B9AD65-6589-48B7-91AE-0834B5ACB0FB} = {AD2F762B-C35C-437B-8298-4BC845D4BD01}
		{DEEDB24B-2BB0-4EAA-8D70-8DF240A638D2} = {AD2F762B-C35C-437B-8298-4BC845D4BD01}
		{786E9A39-2CFC-4778-BA2C-DE53A5FF2E11} = {AD2F762B-C35C-437B-8298-4BC845D4BD01}
		{5AB74261-E775-4E9F-8ECF-73197A6EA1B1} = {D44FD76A-265F-47A2-B547-83F565A89726}
		{0923140C-35AF-4C83-8981-C8F2AA6E301A} = {D44FD76A-265F-47A2-B547-83F565A89726}
		{04D42B0B-3473-425D-96CA-3B848BBC0CEB} = {D44FD76A-265F-47A2-B547-83F565A89726}
		{6407263F-E82A-4219-8054-F29CA563E9AE} = {86369F0E-1DEA-436F-BFBB-D1F241F81AFD}
		{3E67339A-539F-4383-9E1E-E1CF5DBC49DF} = {86369F0E-1DEA-436F-BFBB-D1F241F81AFD}
		{2E8E3756-F3B2-4BA2-B06E-BE97ED9E3ABE} = {86369F0E-1DEA-436F-BFBB-D1F241F81AFD}
		{416B57CF-5F82-4545-AA3A-EB9F14C80440} = {94DA7549-8AA5-4C04-9233-FCBF4DE2B054}
		{D86A5E7F-CF09-4C21-83D1-43C48602E8D6} = {94DA7549-8AA5-4C04-9233-FCBF4DE2B054}
		{2EB67F08-15BE-47B8-A10F-A8A3CFE2A461} = {94DA7549-8AA5-4C04-9233-FCBF4DE2B054}
		{410A73A3-3E05-4D3B-AA6C-8E5EB2EEC025} = {FA60B2D0-9C25-4672-914D-878656DDF59C}
		{D9DEE989-FE03-43C1-84F0-2ED0080BCB56} = {FA60B2D0-9C25-4672-914D-878656DDF59C}
		{4AB5CD34-F172-41D4-844F-61DBA8DD9408} = {FA60B2D0-9C25-4672-914D-878656DDF59C}
		{85C25478-B114-45F5-98D0-D0573737EE54} = {533FFEBD-EF19-42A3-B7E7-F45512ECBF0B}
		{85D6D9DB-4D24-40A6-BD72-19241271F1DB} = {533FFEBD-EF19-42A3-B7E7-F45512ECBF0B}
		{C79C2173-63EA-4163-ABA6-B0D0DB829DD4} = {533FFEBD-EF19-42A3-B7E7-F45512ECBF0B}
		{9DFBEF7A-CF90-45F8-A5DB-47D375566619} = {251664C6-A40B-4BFD-AACA-FAA25A619CB4}
		{CE3FAB2F-D935-4C2F-8CEE-662068654036} = {251664C6-A40B-4BFD-AACA-FAA25A619CB4}
		{F5A7A581-89CF-4E46-8291-D4F9354C1BD6} = {251664C6-A40B-4BFD-AACA-FAA25A619CB4}
	EndGlobalSection
	GlobalSection(ExtensibilityGlobals) = postSolution
		SolutionGuid = {0DA897FC-813C-4C7B-AFAE-F8DAE7968D91}
	EndGlobalSection
EndGlobal
